<?xml version="1.0" encoding="utf-8"?>
<Project ToolsVersion="4.0" xmlns="http://schemas.microsoft.com/developer/msbuild/2003">
  <ItemGroup>
    <Filter Include="Source Files">
      <UniqueIdentifier>{4FC737F1-C7A5-4376-A066-2A32D752A2FF}</UniqueIdentifier>
      <Extensions>cpp;c;cc;cxx;c++;cppm;ixx;def;odl;idl;hpj;bat;asm;asmx</Extensions>
    </Filter>
    <Filter Include="Header Files">
      <UniqueIdentifier>{93995380-89BD-4b04-88EB-625FBE52EBFB}</UniqueIdentifier>
      <Extensions>h;hh;hpp;hxx;h++;hm;inl;inc;ipp;xsd</Extensions>
    </Filter>
    <Filter Include="Resource Files">
      <UniqueIdentifier>{67DA6AB6-F800-4c08-8B7A-83BB121AAD01}</UniqueIdentifier>
      <Extensions>rc;ico;cur;bmp;dlg;rc2;rct;bin;rgs;gif;jpg;jpeg;jpe;resx;tiff;tif;png;wav;mfcribbon-ms</Extensions>
    </Filter>
  </ItemGroup>
  <ItemGroup>
    <ClInclude Include="Source\Rust\Rust.hpp">
      <Filter>Header Files</Filter>
    </ClInclude>
    <ClInclude Include="Source\Dependencies\Driver\Driver.h">
      <Filter>Header Files</Filter>
    </ClInclude>
    <ClInclude Include="Source\Dependencies\Dependencies.h">
      <Filter>Header Files</Filter>
    </ClInclude>
    <ClInclude Include="Source\Dependencies\Math\Vector\Vector.hpp">
      <Filter>Header Files</Filter>
    </ClInclude>
    <ClInclude Include="Source\Dependencies\Math\Math.hpp">
      <Filter>Header Files</Filter>
    </ClInclude>
    <ClInclude Include="Source\Dependencies\Window\ImGui\imconfig.h">
      <Filter>Header Files</Filter>
    </ClInclude>
    <ClInclude Include="Source\Dependencies\Window\ImGui\imgui.h">
      <Filter>Header Files</Filter>
    </ClInclude>
    <ClInclude Include="Source\Dependencies\Window\ImGui\imgui_impl_dx9.h">
      <Filter>Header Files</Filter>
    </ClInclude>
    <ClInclude Include="Source\Dependencies\Window\ImGui\imgui_impl_win32.h">
      <Filter>Header Files</Filter>
    </ClInclude>
    <ClInclude Include="Source\Dependencies\Window\ImGui\imgui_internal.h">
      <Filter>Header Files</Filter>
    </ClInclude>
    <ClInclude Include="Source\Dependencies\Window\ImGui\imstb_textedit.h">
      <Filter>Header Files</Filter>
    </ClInclude>
    <ClInclude Include="Source\Dependencies\Window\ImGui\imstb_truetype.h">
      <Filter>Header Files</Filter>
    </ClInclude>
    <ClInclude Include="Source\Dependencies\Window\ImGui\imstb_rectpack.h">
      <Filter>Header Files</Filter>
    </ClInclude>
    <ClInclude Include="Source\SDK\Classes\AttackEntity.hpp">
      <Filter>Header Files</Filter>
    </ClInclude>
    <ClInclude Include="Source\SDK\Classes\BaseCombatEntity.hpp">
      <Filter>Header Files</Filter>
    </ClInclude>
    <ClInclude Include="Source\SDK\Classes\BaseEntity.hpp">
      <Filter>Header Files</Filter>
    </ClInclude>
    <ClInclude Include="Source\SDK\Classes\BaseMovement.hpp">
      <Filter>Header Files</Filter>
    </ClInclude>
    <ClInclude Include="Source\SDK\Classes\BaseNetworkable.hpp">
      <Filter>Header Files</Filter>
    </ClInclude>
    <ClInclude Include="Source\SDK\Classes\BasePlayer.hpp">
      <Filter>Header Files</Filter>
    </ClInclude>
    <ClInclude Include="Source\SDK\Classes\BaseProjectile.hpp">
      <Filter>Header Files</Filter>
    </ClInclude>
    <ClInclude Include="Source\SDK\Classes\ItemContainer.hpp">
      <Filter>Header Files</Filter>
    </ClInclude>
    <ClInclude Include="Source\SDK\Classes\Item.hpp">
      <Filter>Header Files</Filter>
    </ClInclude>
    <ClInclude Include="Source\SDK\Classes\ItemDefinition.hpp">
      <Filter>Header Files</Filter>
    </ClInclude>
    <ClInclude Include="Source\SDK\Classes\Model.hpp">
      <Filter>Header Files</Filter>
    </ClInclude>
    <ClInclude Include="Source\SDK\Classes\ModelState.hpp">
      <Filter>Header Files</Filter>
    </ClInclude>
    <ClInclude Include="Source\SDK\Classes\PlayerEyes.hpp">
      <Filter>Header Files</Filter>
    </ClInclude>
    <ClInclude Include="Source\SDK\Classes\PlayerInput.hpp">
      <Filter>Header Files</Filter>
    </ClInclude>
    <ClInclude Include="Source\SDK\Classes\PlayerInventory.hpp">
      <Filter>Header Files</Filter>
    </ClInclude>
    <ClInclude Include="Source\SDK\Classes\PlayerModel.hpp">
      <Filter>Header Files</Filter>
    </ClInclude>
    <ClInclude Include="Source\SDK\Classes\PlayerWalkMovement.hpp">
      <Filter>Header Files</Filter>
    </ClInclude>
    <ClInclude Include="Source\SDK\Classes\Projectile.hpp">
      <Filter>Header Files</Filter>
    </ClInclude>
    <ClInclude Include="Source\SDK\Classes\RecoilProperties.hpp">
      <Filter>Header Files</Filter>
    </ClInclude>
    <ClInclude Include="Source\SDK\Classes\UIInventory.hpp">
      <Filter>Header Files</Filter>
    </ClInclude>
    <ClInclude Include="Source\SDK\Offsets\Offsets.hpp">
      <Filter>Header Files</Filter>
    </ClInclude>
    <ClInclude Include="Source\SDK\Enums\Prefab.hpp">
      <Filter>Header Files</Filter>
    </ClInclude>
    <ClInclude Include="Source\SDK\Enums\ModelStateFlags.hpp">
      <Filter>Header Files</Filter>
    </ClInclude>
    <ClInclude Include="Source\SDK\Enums\LifeState.hpp">
      <Filter>Header Files</Filter>
    </ClInclude>
    <ClInclude Include="Source\SDK\Enums\CameraMode.hpp">
      <Filter>Header Files</Filter>
    </ClInclude>
    <ClInclude Include="Source\SDK\Enums\BoneId.hpp">
      <Filter>Header Files</Filter>
    </ClInclude>
    <ClInclude Include="Source\SDK\Enums\BasePlayerFlags.hpp">
      <Filter>Header Files</Filter>
    </ClInclude>
    <ClInclude Include="Source\SDK\Screen\Player.hpp">
      <Filter>Header Files</Filter>
    </ClInclude>
    <ClInclude Include="Source\SDK\Storage\Storage.h">
      <Filter>Header Files</Filter>
    </ClInclude>
    <ClInclude Include="Source\SDK\Unity\Array.hpp">
      <Filter>Header Files</Filter>
    </ClInclude>
    <ClInclude Include="Source\SDK\Unity\BufferList.hpp">
      <Filter>Header Files</Filter>
    </ClInclude>
    <ClInclude Include="Source\SDK\Unity\Camera.hpp">
      <Filter>Header Files</Filter>
    </ClInclude>
    <ClInclude Include="Source\SDK\Unity\Dictionary.hpp">
      <Filter>Header Files</Filter>
    </ClInclude>
    <ClInclude Include="Source\SDK\Unity\Component.hpp">
      <Filter>Header Files</Filter>
    </ClInclude>
    <ClInclude Include="Source\SDK\Unity\List.hpp">
      <Filter>Header Files</Filter>
    </ClInclude>
    <ClInclude Include="Source\SDK\Unity\Transform.hpp">
      <Filter>Header Files</Filter>
    </ClInclude>
    <ClInclude Include="Source\SDK\World\Player.hpp">
      <Filter>Header Files</Filter>
    </ClInclude>
    <ClInclude Include="Source\SDK\SDK.h">
      <Filter>Header Files</Filter>
    </ClInclude>
    <ClInclude Include="Source\Dependencies\Window\DirectX\DirectX.h">
      <Filter>Header Files</Filter>
    </ClInclude>
    <ClInclude Include="Source\Dependencies\Window\Window.h">
      <Filter>Header Files</Filter>
    </ClInclude>
    <ClInclude Include="Source\Dependencies\Window\Menu\Menu.hpp">
      <Filter>Header Files</Filter>
    </ClInclude>
    <ClInclude Include="Source\Dependencies\Window\Draw\Draw.hpp">
      <Filter>Header Files</Filter>
    </ClInclude>
    <ClInclude Include="Source\Rust\Cache\Cache.h">
      <Filter>Header Files</Filter>
    </ClInclude>
    <ClInclude Include="Source\Rust\Cache\Entity.hpp">
      <Filter>Header Files</Filter>
    </ClInclude>
    <ClInclude Include="Source\Rust\Cache\World.hpp">
      <Filter>Header Files</Filter>
    </ClInclude>
  </ItemGroup>
  <ItemGroup>
    <ClCompile Include="main.cpp">
      <Filter>Source Files</Filter>
    </ClCompile>
    <ClCompile Include="Source\Dependencies\Driver\Driver.cpp">
      <Filter>Source Files</Filter>
    </ClCompile>
    <ClCompile Include="Source\Dependencies\Window\ImGui\imgui.cpp">
      <Filter>Source Files</Filter>
    </ClCompile>
    <ClCompile Include="Source\Dependencies\Window\ImGui\imgui_demo.cpp">
      <Filter>Source Files</Filter>
    </ClCompile>
    <ClCompile Include="Source\Dependencies\Window\ImGui\imgui_draw.cpp">
      <Filter>Source Files</Filter>
    </ClCompile>
    <ClCompile Include="Source\Dependencies\Window\ImGui\imgui_impl_dx9.cpp">
      <Filter>Source Files</Filter>
    </ClCompile>
    <ClCompile Include="Source\Dependencies\Window\ImGui\imgui_impl_win32.cpp">
      <Filter>Source Files</Filter>
    </ClCompile>
    <ClCompile Include="Source\Dependencies\Window\ImGui\imgui_tables.cpp">
      <Filter>Source Files</Filter>
    </ClCompile>
    <ClCompile Include="Source\Dependencies\Window\ImGui\imgui_widgets.cpp">
      <Filter>Source Files</Filter>
    </ClCompile>
    <ClCompile Include="Source\SDK\Storage\Storage.cpp">
      <Filter>Source Files</Filter>
    </ClCompile>
    <ClCompile Include="Source\Dependencies\Window\DirectX\DirectX.cpp">
      <Filter>Source Files</Filter>
    </ClCompile>
    <ClCompile Include="Source\Dependencies\Window\Window.cpp">
      <Filter>Source Files</Filter>
    </ClCompile>
  </ItemGroup>
</Project>